
Microsoft Visual Studio Solution File, Format Version 12.00
# Visual Studio Version 17
VisualStudioVersion = 17.1.32414.318
MinimumVisualStudioVersion = 10.0.40219.1
Project("{FAE04EC0-301F-11D3-BF4B-00C04F79EFBC}") = "Prova2.Android", "Prova2.Android\Prova2.Android.csproj", "{8462F6B9-5020-4B57-A03E-A511FA30CF0B}"
EndProject
Project("{FAE04EC0-301F-11D3-BF4B-00C04F79EFBC}") = "Prova2", "Prova2\Prova2.csproj", "{47B22261-1005-4411-9CEE-031A3FD1AA7C}"
EndProject
Global
	GlobalSection(SolutionConfigurationPlatforms) = preSolution
		Debug|Any CPU = Debug|Any CPU
		Release|Any CPU = Release|Any CPU
	EndGlobalSection
	GlobalSection(ProjectConfigurationPlatforms) = postSolution
		{8462F6B9-5020-4B57-A03E-A511FA30CF0B}.Debug|Any CPU.ActiveCfg = Debug|Any CPU
		{8462F6B9-5020-4B57-A03E-A511FA30CF0B}.Debug|Any CPU.Build.0 = Debug|Any CPU
		{8462F6B9-5020-4B57-A03E-A511FA30CF0B}.Debug|Any CPU.Deploy.0 = Debug|Any CPU
		{8462F6B9-5020-4B57-A03E-A511FA30CF0B}.Release|Any CPU.ActiveCfg = Release|Any CPU
		{8462F6B9-5020-4B57-A03E-A511FA30CF0B}.Release|Any CPU.Build.0 = Release|Any CPU
		{8462F6B9-5020-4B57-A03E-A511FA30CF0B}.Release|Any CPU.Deploy.0 = Release|Any CPU
		{47B22261-1005-4411-9CEE-031A3FD1AA7C}.Debug|Any CPU.ActiveCfg = Debug|Any CPU
		{47B22261-1005-4411-9CEE-031A3FD1AA7C}.Debug|Any CPU.Build.0 = Debug|Any CPU
		{47B22261-1005-4411-9CEE-031A3FD1AA7C}.Debug|Any CPU.Deploy.0 = Debug|Any CPU
		{47B22261-1005-4411-9CEE-031A3FD1AA7C}.Release|Any CPU.ActiveCfg = Release|Any CPU
		{47B22261-1005-4411-9CEE-031A3FD1AA7C}.Release|Any CPU.Build.0 = Release|Any CPU
		{47B22261-1005-4411-9CEE-031A3FD1AA7C}.Release|Any CPU.Deploy.0 = Release|Any CPU
	EndGlobalSection
	GlobalSection(SolutionProperties) = preSolution
		HideSolutionNode = FALSE
	EndGlobalSection
	GlobalSection(ExtensibilityGlobals) = postSolution
		SolutionGuid = {315F3B31-ABAA-472D-A665-A95DE6CE27BA}
	EndGlobalSection
EndGlobal
